<?xml version="1.0" encoding="utf-8"?>
<Project ToolsVersion="4.0" xmlns="http://schemas.microsoft.com/developer/msbuild/2003">
  <ItemGroup>
    <Filter Include="Header Files">
      <UniqueIdentifier>{bba6a6a6-980d-4a8d-83d5-4cf99ea25afd}</UniqueIdentifier>
    </Filter>
    <Filter Include="Ressource Files">
      <UniqueIdentifier>{99012d29-0975-45c1-adad-349d9f28b892}</UniqueIdentifier>
    </Filter>
    <Filter Include="Source Files">
      <UniqueIdentifier>{043cc2b5-6394-4ff4-bdb1-bd378800d5d9}</UniqueIdentifier>
    </Filter>
  </ItemGroup>
  <ItemGroup>
    <CudaCompile Include="kernel.cu">
      <Filter>Source Files</Filter>
    </CudaCompile>
    <CudaCompile Include="CountingSort.cu">
      <Filter>Ressource Files</Filter>
    </CudaCompile>
    <CudaCompile Include="RandomGeneration.cu">
      <Filter>Ressource Files</Filter>
    </CudaCompile>
    <CudaCompile Include="RadixSort.cu">
      <Filter>Ressource Files</Filter>
    </CudaCompile>
  </ItemGroup>
  <ItemGroup>
    <ClInclude Include="VectorFunc.h">
      <Filter>Header Files</Filter>
    </ClInclude>
    <ClInclude Include="CountingSort.cuh">
      <Filter>Header Files</Filter>
    </ClInclude>
    <ClInclude Include="RandomGeneration.cuh">
      <Filter>Header Files</Filter>
    </ClInclude>
    <ClInclude Include="RadixSort.cuh">
      <Filter>Header Files</Filter>
    </ClInclude>
  </ItemGroup>
  <ItemGroup>
    <ClCompile Include="VectorFunc.cpp">
      <Filter>Ressource Files</Filter>
    </ClCompile>
  </ItemGroup>
  <ItemGroup>
    <None Include="cpp.hint" />
  </ItemGroup>
</Project>